<?xml version="1.0" encoding="utf-8"?>
<Project ToolsVersion="16.0" xmlns="http://schemas.microsoft.com/developer/msbuild/2003">
  <ItemGroup>
    <ClCompile Include="D:\Projects\Active\DreamsTech\DreamsTech\Classes\AppDelegate.cpp">
      <Filter>Source Files\Classes</Filter>
    </ClCompile>
    <ClCompile Include="D:\Projects\Active\DreamsTech\DreamsTech\Classes\HelloWorldScene.cpp">
      <Filter>Source Files\Classes</Filter>
    </ClCompile>
    <ClCompile Include="D:\Projects\Active\DreamsTech\DreamsTech\proj.win32\main.cpp">
      <Filter>Source Files\proj.win32</Filter>
    </ClCompile>
    <ClCompile Include="D:\Projects\Active\DreamsTech\DreamsTech\cocos2d\cocos\precheader.cpp">
      <Filter>Source Files</Filter>
    </ClCompile>
    <ClCompile Include="Int2.cpp">
      <Filter>Source Files\Classes\Types</Filter>
    </ClCompile>
    <ClCompile Include="GeneralSettings.cpp">
      <Filter>Source Files\Classes\Settings\General</Filter>
    </ClCompile>
    <ClCompile Include="UiManagerBase.cpp">
      <Filter>Source Files\Classes\UI\Manager\Base</Filter>
    </ClCompile>
    <ClCompile Include="UiManager.cpp">
      <Filter>Source Files\Classes\UI\Manager</Filter>
    </ClCompile>
    <ClCompile Include="MainEditorDependencyInjectionContainer.cpp">
      <Filter>Source Files\Classes\BoostDependencyInjectionFrameWork\Container</Filter>
    </ClCompile>
    <ClCompile Include="MvvmModel.cpp">
      <Filter>Source Files\Classes\MVVM</Filter>
    </ClCompile>
  </ItemGroup>
  <ItemGroup>
    <ClInclude Include="D:\Projects\Active\DreamsTech\DreamsTech\Classes\AppDelegate.h">
      <Filter>Source Files\Classes</Filter>
    </ClInclude>
    <ClInclude Include="D:\Projects\Active\DreamsTech\DreamsTech\Classes\HelloWorldScene.h">
      <Filter>Source Files\Classes</Filter>
    </ClInclude>
    <ClInclude Include="D:\Projects\Active\DreamsTech\DreamsTech\proj.win32\main.h">
      <Filter>Source Files\proj.win32</Filter>
    </ClInclude>
    <ClInclude Include="D:\Projects\Active\DreamsTech\DreamsTech\proj.win32\resource.h">
      <Filter>Source Files\proj.win32</Filter>
    </ClInclude>
    <ClInclude Include="D:\Projects\Active\DreamsTech\DreamsTech\Resources\CloseNormal.png">
      <Filter>Resources</Filter>
    </ClInclude>
    <ClInclude Include="D:\Projects\Active\DreamsTech\DreamsTech\Resources\CloseSelected.png">
      <Filter>Resources</Filter>
    </ClInclude>
    <ClInclude Include="D:\Projects\Active\DreamsTech\DreamsTech\Resources\HelloWorld.png">
      <Filter>Resources</Filter>
    </ClInclude>
    <ClInclude Include="D:\Projects\Active\DreamsTech\DreamsTech\Resources\fonts\Marker Felt.ttf">
      <Filter>Resources\fonts</Filter>
    </ClInclude>
    <ClInclude Include="D:\Projects\Active\DreamsTech\DreamsTech\Resources\fonts\arial.ttf">
      <Filter>Resources\fonts</Filter>
    </ClInclude>
    <ClInclude Include="D:\Projects\Active\DreamsTech\DreamsTech\Resources\res\.gitkeep">
      <Filter>Resources\res</Filter>
    </ClInclude>
    <ClInclude Include="Int2.h">
      <Filter>Source Files\Classes\Types</Filter>
    </ClInclude>
    <ClInclude Include="GeneralSettings.h">
      <Filter>Source Files\Classes\Settings\General</Filter>
    </ClInclude>
    <ClInclude Include="UiManagerBase.h">
      <Filter>Source Files\Classes\UI\Manager\Base</Filter>
    </ClInclude>
    <ClInclude Include="UiManager.h">
      <Filter>Source Files\Classes\UI\Manager</Filter>
    </ClInclude>
    <ClInclude Include="MainEditorDependencyInjectionContainer.h">
      <Filter>Source Files\Classes\BoostDependencyInjectionFrameWork\Container</Filter>
    </ClInclude>
    <ClInclude Include="di.hpp">
      <Filter>Source Files\Classes\BoostDependencyInjectionFrameWork</Filter>
    </ClInclude>
    <ClInclude Include="MvvmModel.h">
      <Filter>Source Files\Classes\MVVM</Filter>
    </ClInclude>
  </ItemGroup>
  <ItemGroup>
    <CustomBuild Include="D:\Projects\Active\DreamsTech\DreamsTech\CMakeLists.txt" />
  </ItemGroup>
  <ItemGroup>
    <ResourceCompile Include="D:\Projects\Active\DreamsTech\DreamsTech\proj.win32\game.rc">
      <Filter>Source Files\proj.win32</Filter>
    </ResourceCompile>
  </ItemGroup>
  <ItemGroup>
    <Filter Include="Resources">
      <UniqueIdentifier>{4336F186-8FCD-329A-B977-6FD6791D45DF}</UniqueIdentifier>
    </Filter>
    <Filter Include="Resources\fonts">
      <UniqueIdentifier>{BE6361A6-CA28-3F5A-9796-676526F9A469}</UniqueIdentifier>
    </Filter>
    <Filter Include="Resources\res">
      <UniqueIdentifier>{EA34E122-B1FE-3E02-B164-BA3A2B16EE11}</UniqueIdentifier>
    </Filter>
    <Filter Include="Source Files">
      <UniqueIdentifier>{23B784AA-99BA-3438-8C46-B37FA9D04830}</UniqueIdentifier>
    </Filter>
    <Filter Include="Source Files\Classes">
      <UniqueIdentifier>{00051C08-E29D-30B5-9C08-B186865A3AD3}</UniqueIdentifier>
    </Filter>
    <Filter Include="Source Files\proj.win32">
      <UniqueIdentifier>{6B08DF57-10B1-34B7-B1CC-4750F8CFE90C}</UniqueIdentifier>
    </Filter>
    <Filter Include="Source Files\Classes\Settings">
      <UniqueIdentifier>{c9f1977a-c3ca-410b-b099-99abacd526c7}</UniqueIdentifier>
    </Filter>
    <Filter Include="Source Files\Classes\Settings\General">
      <UniqueIdentifier>{a805bf43-0160-4440-b1ca-d4dea4626507}</UniqueIdentifier>
    </Filter>
    <Filter Include="Source Files\Classes\Types">
      <UniqueIdentifier>{9a1c716b-a436-45a4-9600-6052ded1448e}</UniqueIdentifier>
    </Filter>
    <Filter Include="Source Files\Classes\UI">
      <UniqueIdentifier>{50410a76-1564-4d81-bf16-07c6369d9dd8}</UniqueIdentifier>
    </Filter>
    <Filter Include="Source Files\Classes\UI\Manager">
      <UniqueIdentifier>{8646471e-d103-4006-b0f1-3e2f7eb1bba4}</UniqueIdentifier>
    </Filter>
    <Filter Include="Source Files\Classes\UI\Manager\Base">
      <UniqueIdentifier>{776ea27d-ff94-4cf0-a31c-5b87a1eb6ddb}</UniqueIdentifier>
    </Filter>
    <Filter Include="Source Files\Classes\BoostDependencyInjectionFrameWork">
      <UniqueIdentifier>{335accef-3b4c-46c0-b2a9-7ac2e77d4897}</UniqueIdentifier>
    </Filter>
    <Filter Include="Source Files\Classes\BoostDependencyInjectionFrameWork\Container">
      <UniqueIdentifier>{12d8f985-0bff-4213-8441-9120e2de3dbc}</UniqueIdentifier>
    </Filter>
    <Filter Include="Source Files\Classes\MVVM">
      <UniqueIdentifier>{710aeb3a-2c4f-4f19-a704-089e7daff4ae}</UniqueIdentifier>
    </Filter>
  </ItemGroup>
</Project>