
Microsoft Visual Studio Solution File, Format Version 12.00
# Visual Studio Version 16
Project("{2150E333-8FDC-42A3-9474-1A3956D46DE8}") = "CMakePredefinedTargets", "CMakePredefinedTargets", "{20D960C6-97E2-3DB8-871F-3D9D25622C7A}"
EndProject
Project("{2150E333-8FDC-42A3-9474-1A3956D46DE8}") = "External", "External", "{3C413A5C-7C7A-333D-AD1E-A2B72AB2BA9C}"
EndProject
Project("{2150E333-8FDC-42A3-9474-1A3956D46DE8}") = "Internal", "Internal", "{B9238637-6F77-35AD-99B7-5349A64CD4E6}"
EndProject
Project("{2150E333-8FDC-42A3-9474-1A3956D46DE8}") = "Utils", "Utils", "{B7733A71-DCC1-3BC4-94F4-48BB2EE66472}"
EndProject
Project("{8BC9CEB8-8B4A-11D0-8D11-00A0C91BC942}") = "ALL_BUILD", "ALL_BUILD.vcxproj", "{89F6C087-8A66-38CF-9BA2-6CF86E217C81}"
	ProjectSection(ProjectDependencies) = postProject
		{39A86DBA-A17B-3E16-89F7-B5042FC976D9} = {39A86DBA-A17B-3E16-89F7-B5042FC976D9}
		{CA4F75DF-0FB7-39C1-8E8D-88BF6C7719B5} = {CA4F75DF-0FB7-39C1-8E8D-88BF6C7719B5}
		{03E5B004-BC7E-3200-BBCC-C86A4507A881} = {03E5B004-BC7E-3200-BBCC-C86A4507A881}
		{29AF2C66-0F47-359E-981D-D05522E0D060} = {29AF2C66-0F47-359E-981D-D05522E0D060}
		{451438C8-5947-3B63-A202-049C1E5E882E} = {451438C8-5947-3B63-A202-049C1E5E882E}
		{154D7B04-44A9-3065-82D4-5BC0D938A318} = {154D7B04-44A9-3065-82D4-5BC0D938A318}
		{C6DAE755-42E2-387D-8A77-8AC86F0AD737} = {C6DAE755-42E2-387D-8A77-8AC86F0AD737}
		{933827B5-A8F3-3278-94CF-7E25DC343922} = {933827B5-A8F3-3278-94CF-7E25DC343922}
		{867ED4E3-2E0E-3A45-8C04-BB299E47010E} = {867ED4E3-2E0E-3A45-8C04-BB299E47010E}
		{BD51BE90-0C15-33E3-B157-BDEC31AE78BF} = {BD51BE90-0C15-33E3-B157-BDEC31AE78BF}
		{36F679FF-2CC2-3FEC-B525-0A4017FE4AC5} = {36F679FF-2CC2-3FEC-B525-0A4017FE4AC5}
		{95123F7B-A1C3-3A9B-B28F-D3E969174CD4} = {95123F7B-A1C3-3A9B-B28F-D3E969174CD4}
		{F1946872-4D7D-3DC3-A43C-77D4DF773988} = {F1946872-4D7D-3DC3-A43C-77D4DF773988}
		{32232613-DD09-316B-9511-F9F88714B5CF} = {32232613-DD09-316B-9511-F9F88714B5CF}
		{DCB26DB2-75D9-3FA2-85AA-347B6F3A5840} = {DCB26DB2-75D9-3FA2-85AA-347B6F3A5840}
	EndProjectSection
EndProject
Project("{8BC9CEB8-8B4A-11D0-8D11-00A0C91BC942}") = "DreamsTech", "DreamsTech.vcxproj", "{39A86DBA-A17B-3E16-89F7-B5042FC976D9}"
	ProjectSection(ProjectDependencies) = postProject
		{CA4F75DF-0FB7-39C1-8E8D-88BF6C7719B5} = {CA4F75DF-0FB7-39C1-8E8D-88BF6C7719B5}
		{03E5B004-BC7E-3200-BBCC-C86A4507A881} = {03E5B004-BC7E-3200-BBCC-C86A4507A881}
		{29AF2C66-0F47-359E-981D-D05522E0D060} = {29AF2C66-0F47-359E-981D-D05522E0D060}
		{451438C8-5947-3B63-A202-049C1E5E882E} = {451438C8-5947-3B63-A202-049C1E5E882E}
		{154D7B04-44A9-3065-82D4-5BC0D938A318} = {154D7B04-44A9-3065-82D4-5BC0D938A318}
		{C6DAE755-42E2-387D-8A77-8AC86F0AD737} = {C6DAE755-42E2-387D-8A77-8AC86F0AD737}
		{933827B5-A8F3-3278-94CF-7E25DC343922} = {933827B5-A8F3-3278-94CF-7E25DC343922}
		{867ED4E3-2E0E-3A45-8C04-BB299E47010E} = {867ED4E3-2E0E-3A45-8C04-BB299E47010E}
		{BD51BE90-0C15-33E3-B157-BDEC31AE78BF} = {BD51BE90-0C15-33E3-B157-BDEC31AE78BF}
		{36F679FF-2CC2-3FEC-B525-0A4017FE4AC5} = {36F679FF-2CC2-3FEC-B525-0A4017FE4AC5}
		{95123F7B-A1C3-3A9B-B28F-D3E969174CD4} = {95123F7B-A1C3-3A9B-B28F-D3E969174CD4}
		{F1946872-4D7D-3DC3-A43C-77D4DF773988} = {F1946872-4D7D-3DC3-A43C-77D4DF773988}
		{32232613-DD09-316B-9511-F9F88714B5CF} = {32232613-DD09-316B-9511-F9F88714B5CF}
		{DCB26DB2-75D9-3FA2-85AA-347B6F3A5840} = {DCB26DB2-75D9-3FA2-85AA-347B6F3A5840}
	EndProjectSection
EndProject
Project("{8BC9CEB8-8B4A-11D0-8D11-00A0C91BC942}") = "SYNC_RESOURCE-DreamsTech", "SYNC_RESOURCE-DreamsTech.vcxproj", "{CA4F75DF-0FB7-39C1-8E8D-88BF6C7719B5}"
	ProjectSection(ProjectDependencies) = postProject
		{03E5B004-BC7E-3200-BBCC-C86A4507A881} = {03E5B004-BC7E-3200-BBCC-C86A4507A881}
	EndProjectSection
EndProject
Project("{8BC9CEB8-8B4A-11D0-8D11-00A0C91BC942}") = "ZERO_CHECK", "ZERO_CHECK.vcxproj", "{03E5B004-BC7E-3200-BBCC-C86A4507A881}"
	ProjectSection(ProjectDependencies) = postProject
	EndProjectSection
EndProject
Project("{8BC9CEB8-8B4A-11D0-8D11-00A0C91BC942}") = "cocos2d", "engine\cocos\core\cocos2d.vcxproj", "{29AF2C66-0F47-359E-981D-D05522E0D060}"
	ProjectSection(ProjectDependencies) = postProject
		{03E5B004-BC7E-3200-BBCC-C86A4507A881} = {03E5B004-BC7E-3200-BBCC-C86A4507A881}
		{451438C8-5947-3B63-A202-049C1E5E882E} = {451438C8-5947-3B63-A202-049C1E5E882E}
		{154D7B04-44A9-3065-82D4-5BC0D938A318} = {154D7B04-44A9-3065-82D4-5BC0D938A318}
		{C6DAE755-42E2-387D-8A77-8AC86F0AD737} = {C6DAE755-42E2-387D-8A77-8AC86F0AD737}
		{933827B5-A8F3-3278-94CF-7E25DC343922} = {933827B5-A8F3-3278-94CF-7E25DC343922}
		{867ED4E3-2E0E-3A45-8C04-BB299E47010E} = {867ED4E3-2E0E-3A45-8C04-BB299E47010E}
		{BD51BE90-0C15-33E3-B157-BDEC31AE78BF} = {BD51BE90-0C15-33E3-B157-BDEC31AE78BF}
		{36F679FF-2CC2-3FEC-B525-0A4017FE4AC5} = {36F679FF-2CC2-3FEC-B525-0A4017FE4AC5}
		{95123F7B-A1C3-3A9B-B28F-D3E969174CD4} = {95123F7B-A1C3-3A9B-B28F-D3E969174CD4}
		{F1946872-4D7D-3DC3-A43C-77D4DF773988} = {F1946872-4D7D-3DC3-A43C-77D4DF773988}
		{32232613-DD09-316B-9511-F9F88714B5CF} = {32232613-DD09-316B-9511-F9F88714B5CF}
		{DCB26DB2-75D9-3FA2-85AA-347B6F3A5840} = {DCB26DB2-75D9-3FA2-85AA-347B6F3A5840}
	EndProjectSection
EndProject
Project("{8BC9CEB8-8B4A-11D0-8D11-00A0C91BC942}") = "ext_clipper", "engine\external\clipper\ext_clipper.vcxproj", "{451438C8-5947-3B63-A202-049C1E5E882E}"
	ProjectSection(ProjectDependencies) = postProject
		{03E5B004-BC7E-3200-BBCC-C86A4507A881} = {03E5B004-BC7E-3200-BBCC-C86A4507A881}
	EndProjectSection
EndProject
Project("{8BC9CEB8-8B4A-11D0-8D11-00A0C91BC942}") = "ext_convertUTF", "engine\external\ConvertUTF\ext_convertUTF.vcxproj", "{154D7B04-44A9-3065-82D4-5BC0D938A318}"
	ProjectSection(ProjectDependencies) = postProject
		{03E5B004-BC7E-3200-BBCC-C86A4507A881} = {03E5B004-BC7E-3200-BBCC-C86A4507A881}
	EndProjectSection
EndProject
Project("{8BC9CEB8-8B4A-11D0-8D11-00A0C91BC942}") = "ext_edtaa3func", "engine\external\edtaa3func\ext_edtaa3func.vcxproj", "{C6DAE755-42E2-387D-8A77-8AC86F0AD737}"
	ProjectSection(ProjectDependencies) = postProject
		{03E5B004-BC7E-3200-BBCC-C86A4507A881} = {03E5B004-BC7E-3200-BBCC-C86A4507A881}
	EndProjectSection
EndProject
Project("{8BC9CEB8-8B4A-11D0-8D11-00A0C91BC942}") = "ext_md5", "engine\external\md5\ext_md5.vcxproj", "{933827B5-A8F3-3278-94CF-7E25DC343922}"
	ProjectSection(ProjectDependencies) = postProject
		{03E5B004-BC7E-3200-BBCC-C86A4507A881} = {03E5B004-BC7E-3200-BBCC-C86A4507A881}
	EndProjectSection
EndProject
Project("{8BC9CEB8-8B4A-11D0-8D11-00A0C91BC942}") = "ext_poly2tri", "engine\external\poly2tri\ext_poly2tri.vcxproj", "{867ED4E3-2E0E-3A45-8C04-BB299E47010E}"
	ProjectSection(ProjectDependencies) = postProject
		{03E5B004-BC7E-3200-BBCC-C86A4507A881} = {03E5B004-BC7E-3200-BBCC-C86A4507A881}
	EndProjectSection
EndProject
Project("{8BC9CEB8-8B4A-11D0-8D11-00A0C91BC942}") = "ext_recast", "engine\external\recast\ext_recast.vcxproj", "{BD51BE90-0C15-33E3-B157-BDEC31AE78BF}"
	ProjectSection(ProjectDependencies) = postProject
		{03E5B004-BC7E-3200-BBCC-C86A4507A881} = {03E5B004-BC7E-3200-BBCC-C86A4507A881}
	EndProjectSection
EndProject
Project("{8BC9CEB8-8B4A-11D0-8D11-00A0C91BC942}") = "ext_tinyxml2", "engine\external\tinyxml2\ext_tinyxml2.vcxproj", "{36F679FF-2CC2-3FEC-B525-0A4017FE4AC5}"
	ProjectSection(ProjectDependencies) = postProject
		{03E5B004-BC7E-3200-BBCC-C86A4507A881} = {03E5B004-BC7E-3200-BBCC-C86A4507A881}
	EndProjectSection
EndProject
Project("{8BC9CEB8-8B4A-11D0-8D11-00A0C91BC942}") = "ext_unzip", "engine\external\unzip\ext_unzip.vcxproj", "{95123F7B-A1C3-3A9B-B28F-D3E969174CD4}"
	ProjectSection(ProjectDependencies) = postProject
		{03E5B004-BC7E-3200-BBCC-C86A4507A881} = {03E5B004-BC7E-3200-BBCC-C86A4507A881}
	EndProjectSection
EndProject
Project("{8BC9CEB8-8B4A-11D0-8D11-00A0C91BC942}") = "ext_xxhash", "engine\external\xxhash\ext_xxhash.vcxproj", "{F1946872-4D7D-3DC3-A43C-77D4DF773988}"
	ProjectSection(ProjectDependencies) = postProject
		{03E5B004-BC7E-3200-BBCC-C86A4507A881} = {03E5B004-BC7E-3200-BBCC-C86A4507A881}
	EndProjectSection
EndProject
Project("{8BC9CEB8-8B4A-11D0-8D11-00A0C91BC942}") = "ext_xxtea", "engine\external\xxtea\ext_xxtea.vcxproj", "{32232613-DD09-316B-9511-F9F88714B5CF}"
	ProjectSection(ProjectDependencies) = postProject
		{03E5B004-BC7E-3200-BBCC-C86A4507A881} = {03E5B004-BC7E-3200-BBCC-C86A4507A881}
	EndProjectSection
EndProject
Project("{8BC9CEB8-8B4A-11D0-8D11-00A0C91BC942}") = "external", "engine\external\external.vcxproj", "{DCB26DB2-75D9-3FA2-85AA-347B6F3A5840}"
	ProjectSection(ProjectDependencies) = postProject
		{03E5B004-BC7E-3200-BBCC-C86A4507A881} = {03E5B004-BC7E-3200-BBCC-C86A4507A881}
		{451438C8-5947-3B63-A202-049C1E5E882E} = {451438C8-5947-3B63-A202-049C1E5E882E}
		{154D7B04-44A9-3065-82D4-5BC0D938A318} = {154D7B04-44A9-3065-82D4-5BC0D938A318}
		{C6DAE755-42E2-387D-8A77-8AC86F0AD737} = {C6DAE755-42E2-387D-8A77-8AC86F0AD737}
		{933827B5-A8F3-3278-94CF-7E25DC343922} = {933827B5-A8F3-3278-94CF-7E25DC343922}
		{867ED4E3-2E0E-3A45-8C04-BB299E47010E} = {867ED4E3-2E0E-3A45-8C04-BB299E47010E}
		{BD51BE90-0C15-33E3-B157-BDEC31AE78BF} = {BD51BE90-0C15-33E3-B157-BDEC31AE78BF}
		{36F679FF-2CC2-3FEC-B525-0A4017FE4AC5} = {36F679FF-2CC2-3FEC-B525-0A4017FE4AC5}
		{95123F7B-A1C3-3A9B-B28F-D3E969174CD4} = {95123F7B-A1C3-3A9B-B28F-D3E969174CD4}
		{F1946872-4D7D-3DC3-A43C-77D4DF773988} = {F1946872-4D7D-3DC3-A43C-77D4DF773988}
		{32232613-DD09-316B-9511-F9F88714B5CF} = {32232613-DD09-316B-9511-F9F88714B5CF}
	EndProjectSection
EndProject
Global
	GlobalSection(SolutionConfigurationPlatforms) = preSolution
		Debug|Win32 = Debug|Win32
		Release|Win32 = Release|Win32
		MinSizeRel|Win32 = MinSizeRel|Win32
		RelWithDebInfo|Win32 = RelWithDebInfo|Win32
	EndGlobalSection
	GlobalSection(ProjectConfigurationPlatforms) = postSolution
		{89F6C087-8A66-38CF-9BA2-6CF86E217C81}.Debug|Win32.ActiveCfg = Debug|Win32
		{89F6C087-8A66-38CF-9BA2-6CF86E217C81}.Release|Win32.ActiveCfg = Release|Win32
		{89F6C087-8A66-38CF-9BA2-6CF86E217C81}.MinSizeRel|Win32.ActiveCfg = MinSizeRel|Win32
		{89F6C087-8A66-38CF-9BA2-6CF86E217C81}.RelWithDebInfo|Win32.ActiveCfg = RelWithDebInfo|Win32
		{39A86DBA-A17B-3E16-89F7-B5042FC976D9}.Debug|Win32.ActiveCfg = Debug|Win32
		{39A86DBA-A17B-3E16-89F7-B5042FC976D9}.Debug|Win32.Build.0 = Debug|Win32
		{39A86DBA-A17B-3E16-89F7-B5042FC976D9}.Release|Win32.ActiveCfg = Release|Win32
		{39A86DBA-A17B-3E16-89F7-B5042FC976D9}.Release|Win32.Build.0 = Release|Win32
		{39A86DBA-A17B-3E16-89F7-B5042FC976D9}.MinSizeRel|Win32.ActiveCfg = MinSizeRel|Win32
		{39A86DBA-A17B-3E16-89F7-B5042FC976D9}.MinSizeRel|Win32.Build.0 = MinSizeRel|Win32
		{39A86DBA-A17B-3E16-89F7-B5042FC976D9}.RelWithDebInfo|Win32.ActiveCfg = RelWithDebInfo|Win32
		{39A86DBA-A17B-3E16-89F7-B5042FC976D9}.RelWithDebInfo|Win32.Build.0 = RelWithDebInfo|Win32
		{CA4F75DF-0FB7-39C1-8E8D-88BF6C7719B5}.Debug|Win32.ActiveCfg = Debug|Win32
		{CA4F75DF-0FB7-39C1-8E8D-88BF6C7719B5}.Debug|Win32.Build.0 = Debug|Win32
		{CA4F75DF-0FB7-39C1-8E8D-88BF6C7719B5}.Release|Win32.ActiveCfg = Release|Win32
		{CA4F75DF-0FB7-39C1-8E8D-88BF6C7719B5}.Release|Win32.Build.0 = Release|Win32
		{CA4F75DF-0FB7-39C1-8E8D-88BF6C7719B5}.MinSizeRel|Win32.ActiveCfg = MinSizeRel|Win32
		{CA4F75DF-0FB7-39C1-8E8D-88BF6C7719B5}.MinSizeRel|Win32.Build.0 = MinSizeRel|Win32
		{CA4F75DF-0FB7-39C1-8E8D-88BF6C7719B5}.RelWithDebInfo|Win32.ActiveCfg = RelWithDebInfo|Win32
		{CA4F75DF-0FB7-39C1-8E8D-88BF6C7719B5}.RelWithDebInfo|Win32.Build.0 = RelWithDebInfo|Win32
		{03E5B004-BC7E-3200-BBCC-C86A4507A881}.Debug|Win32.ActiveCfg = Debug|Win32
		{03E5B004-BC7E-3200-BBCC-C86A4507A881}.Debug|Win32.Build.0 = Debug|Win32
		{03E5B004-BC7E-3200-BBCC-C86A4507A881}.Release|Win32.ActiveCfg = Release|Win32
		{03E5B004-BC7E-3200-BBCC-C86A4507A881}.Release|Win32.Build.0 = Release|Win32
		{03E5B004-BC7E-3200-BBCC-C86A4507A881}.MinSizeRel|Win32.ActiveCfg = MinSizeRel|Win32
		{03E5B004-BC7E-3200-BBCC-C86A4507A881}.MinSizeRel|Win32.Build.0 = MinSizeRel|Win32
		{03E5B004-BC7E-3200-BBCC-C86A4507A881}.RelWithDebInfo|Win32.ActiveCfg = RelWithDebInfo|Win32
		{03E5B004-BC7E-3200-BBCC-C86A4507A881}.RelWithDebInfo|Win32.Build.0 = RelWithDebInfo|Win32
		{29AF2C66-0F47-359E-981D-D05522E0D060}.Debug|Win32.ActiveCfg = Debug|Win32
		{29AF2C66-0F47-359E-981D-D05522E0D060}.Debug|Win32.Build.0 = Debug|Win32
		{29AF2C66-0F47-359E-981D-D05522E0D060}.Release|Win32.ActiveCfg = Release|Win32
		{29AF2C66-0F47-359E-981D-D05522E0D060}.Release|Win32.Build.0 = Release|Win32
		{29AF2C66-0F47-359E-981D-D05522E0D060}.MinSizeRel|Win32.ActiveCfg = MinSizeRel|Win32
		{29AF2C66-0F47-359E-981D-D05522E0D060}.MinSizeRel|Win32.Build.0 = MinSizeRel|Win32
		{29AF2C66-0F47-359E-981D-D05522E0D060}.RelWithDebInfo|Win32.ActiveCfg = RelWithDebInfo|Win32
		{29AF2C66-0F47-359E-981D-D05522E0D060}.RelWithDebInfo|Win32.Build.0 = RelWithDebInfo|Win32
		{451438C8-5947-3B63-A202-049C1E5E882E}.Debug|Win32.ActiveCfg = Debug|Win32
		{451438C8-5947-3B63-A202-049C1E5E882E}.Debug|Win32.Build.0 = Debug|Win32
		{451438C8-5947-3B63-A202-049C1E5E882E}.Release|Win32.ActiveCfg = Release|Win32
		{451438C8-5947-3B63-A202-049C1E5E882E}.Release|Win32.Build.0 = Release|Win32
		{451438C8-5947-3B63-A202-049C1E5E882E}.MinSizeRel|Win32.ActiveCfg = MinSizeRel|Win32
		{451438C8-5947-3B63-A202-049C1E5E882E}.MinSizeRel|Win32.Build.0 = MinSizeRel|Win32
		{451438C8-5947-3B63-A202-049C1E5E882E}.RelWithDebInfo|Win32.ActiveCfg = RelWithDebInfo|Win32
		{451438C8-5947-3B63-A202-049C1E5E882E}.RelWithDebInfo|Win32.Build.0 = RelWithDebInfo|Win32
		{154D7B04-44A9-3065-82D4-5BC0D938A318}.Debug|Win32.ActiveCfg = Debug|Win32
		{154D7B04-44A9-3065-82D4-5BC0D938A318}.Debug|Win32.Build.0 = Debug|Win32
		{154D7B04-44A9-3065-82D4-5BC0D938A318}.Release|Win32.ActiveCfg = Release|Win32
		{154D7B04-44A9-3065-82D4-5BC0D938A318}.Release|Win32.Build.0 = Release|Win32
		{154D7B04-44A9-3065-82D4-5BC0D938A318}.MinSizeRel|Win32.ActiveCfg = MinSizeRel|Win32
		{154D7B04-44A9-3065-82D4-5BC0D938A318}.MinSizeRel|Win32.Build.0 = MinSizeRel|Win32
		{154D7B04-44A9-3065-82D4-5BC0D938A318}.RelWithDebInfo|Win32.ActiveCfg = RelWithDebInfo|Win32
		{154D7B04-44A9-3065-82D4-5BC0D938A318}.RelWithDebInfo|Win32.Build.0 = RelWithDebInfo|Win32
		{C6DAE755-42E2-387D-8A77-8AC86F0AD737}.Debug|Win32.ActiveCfg = Debug|Win32
		{C6DAE755-42E2-387D-8A77-8AC86F0AD737}.Debug|Win32.Build.0 = Debug|Win32
		{C6DAE755-42E2-387D-8A77-8AC86F0AD737}.Release|Win32.ActiveCfg = Release|Win32
		{C6DAE755-42E2-387D-8A77-8AC86F0AD737}.Release|Win32.Build.0 = Release|Win32
		{C6DAE755-42E2-387D-8A77-8AC86F0AD737}.MinSizeRel|Win32.ActiveCfg = MinSizeRel|Win32
		{C6DAE755-42E2-387D-8A77-8AC86F0AD737}.MinSizeRel|Win32.Build.0 = MinSizeRel|Win32
		{C6DAE755-42E2-387D-8A77-8AC86F0AD737}.RelWithDebInfo|Win32.ActiveCfg = RelWithDebInfo|Win32
		{C6DAE755-42E2-387D-8A77-8AC86F0AD737}.RelWithDebInfo|Win32.Build.0 = RelWithDebInfo|Win32
		{933827B5-A8F3-3278-94CF-7E25DC343922}.Debug|Win32.ActiveCfg = Debug|Win32
		{933827B5-A8F3-3278-94CF-7E25DC343922}.Debug|Win32.Build.0 = Debug|Win32
		{933827B5-A8F3-3278-94CF-7E25DC343922}.Release|Win32.ActiveCfg = Release|Win32
		{933827B5-A8F3-3278-94CF-7E25DC343922}.Release|Win32.Build.0 = Release|Win32
		{933827B5-A8F3-3278-94CF-7E25DC343922}.MinSizeRel|Win32.ActiveCfg = MinSizeRel|Win32
		{933827B5-A8F3-3278-94CF-7E25DC343922}.MinSizeRel|Win32.Build.0 = MinSizeRel|Win32
		{933827B5-A8F3-3278-94CF-7E25DC343922}.RelWithDebInfo|Win32.ActiveCfg = RelWithDebInfo|Win32
		{933827B5-A8F3-3278-94CF-7E25DC343922}.RelWithDebInfo|Win32.Build.0 = RelWithDebInfo|Win32
		{867ED4E3-2E0E-3A45-8C04-BB299E47010E}.Debug|Win32.ActiveCfg = Debug|Win32
		{867ED4E3-2E0E-3A45-8C04-BB299E47010E}.Debug|Win32.Build.0 = Debug|Win32
		{867ED4E3-2E0E-3A45-8C04-BB299E47010E}.Release|Win32.ActiveCfg = Release|Win32
		{867ED4E3-2E0E-3A45-8C04-BB299E47010E}.Release|Win32.Build.0 = Release|Win32
		{867ED4E3-2E0E-3A45-8C04-BB299E47010E}.MinSizeRel|Win32.ActiveCfg = MinSizeRel|Win32
		{867ED4E3-2E0E-3A45-8C04-BB299E47010E}.MinSizeRel|Win32.Build.0 = MinSizeRel|Win32
		{867ED4E3-2E0E-3A45-8C04-BB299E47010E}.RelWithDebInfo|Win32.ActiveCfg = RelWithDebInfo|Win32
		{867ED4E3-2E0E-3A45-8C04-BB299E47010E}.RelWithDebInfo|Win32.Build.0 = RelWithDebInfo|Win32
		{BD51BE90-0C15-33E3-B157-BDEC31AE78BF}.Debug|Win32.ActiveCfg = Debug|Win32
		{BD51BE90-0C15-33E3-B157-BDEC31AE78BF}.Debug|Win32.Build.0 = Debug|Win32
		{BD51BE90-0C15-33E3-B157-BDEC31AE78BF}.Release|Win32.ActiveCfg = Release|Win32
		{BD51BE90-0C15-33E3-B157-BDEC31AE78BF}.Release|Win32.Build.0 = Release|Win32
		{BD51BE90-0C15-33E3-B157-BDEC31AE78BF}.MinSizeRel|Win32.ActiveCfg = MinSizeRel|Win32
		{BD51BE90-0C15-33E3-B157-BDEC31AE78BF}.MinSizeRel|Win32.Build.0 = MinSizeRel|Win32
		{BD51BE90-0C15-33E3-B157-BDEC31AE78BF}.RelWithDebInfo|Win32.ActiveCfg = RelWithDebInfo|Win32
		{BD51BE90-0C15-33E3-B157-BDEC31AE78BF}.RelWithDebInfo|Win32.Build.0 = RelWithDebInfo|Win32
		{36F679FF-2CC2-3FEC-B525-0A4017FE4AC5}.Debug|Win32.ActiveCfg = Debug|Win32
		{36F679FF-2CC2-3FEC-B525-0A4017FE4AC5}.Debug|Win32.Build.0 = Debug|Win32
		{36F679FF-2CC2-3FEC-B525-0A4017FE4AC5}.Release|Win32.ActiveCfg = Release|Win32
		{36F679FF-2CC2-3FEC-B525-0A4017FE4AC5}.Release|Win32.Build.0 = Release|Win32
		{36F679FF-2CC2-3FEC-B525-0A4017FE4AC5}.MinSizeRel|Win32.ActiveCfg = MinSizeRel|Win32
		{36F679FF-2CC2-3FEC-B525-0A4017FE4AC5}.MinSizeRel|Win32.Build.0 = MinSizeRel|Win32
		{36F679FF-2CC2-3FEC-B525-0A4017FE4AC5}.RelWithDebInfo|Win32.ActiveCfg = RelWithDebInfo|Win32
		{36F679FF-2CC2-3FEC-B525-0A4017FE4AC5}.RelWithDebInfo|Win32.Build.0 = RelWithDebInfo|Win32
		{95123F7B-A1C3-3A9B-B28F-D3E969174CD4}.Debug|Win32.ActiveCfg = Debug|Win32
		{95123F7B-A1C3-3A9B-B28F-D3E969174CD4}.Debug|Win32.Build.0 = Debug|Win32
		{95123F7B-A1C3-3A9B-B28F-D3E969174CD4}.Release|Win32.ActiveCfg = Release|Win32
		{95123F7B-A1C3-3A9B-B28F-D3E969174CD4}.Release|Win32.Build.0 = Release|Win32
		{95123F7B-A1C3-3A9B-B28F-D3E969174CD4}.MinSizeRel|Win32.ActiveCfg = MinSizeRel|Win32
		{95123F7B-A1C3-3A9B-B28F-D3E969174CD4}.MinSizeRel|Win32.Build.0 = MinSizeRel|Win32
		{95123F7B-A1C3-3A9B-B28F-D3E969174CD4}.RelWithDebInfo|Win32.ActiveCfg = RelWithDebInfo|Win32
		{95123F7B-A1C3-3A9B-B28F-D3E969174CD4}.RelWithDebInfo|Win32.Build.0 = RelWithDebInfo|Win32
		{F1946872-4D7D-3DC3-A43C-77D4DF773988}.Debug|Win32.ActiveCfg = Debug|Win32
		{F1946872-4D7D-3DC3-A43C-77D4DF773988}.Debug|Win32.Build.0 = Debug|Win32
		{F1946872-4D7D-3DC3-A43C-77D4DF773988}.Release|Win32.ActiveCfg = Release|Win32
		{F1946872-4D7D-3DC3-A43C-77D4DF773988}.Release|Win32.Build.0 = Release|Win32
		{F1946872-4D7D-3DC3-A43C-77D4DF773988}.MinSizeRel|Win32.ActiveCfg = MinSizeRel|Win32
		{F1946872-4D7D-3DC3-A43C-77D4DF773988}.MinSizeRel|Win32.Build.0 = MinSizeRel|Win32
		{F1946872-4D7D-3DC3-A43C-77D4DF773988}.RelWithDebInfo|Win32.ActiveCfg = RelWithDebInfo|Win32
		{F1946872-4D7D-3DC3-A43C-77D4DF773988}.RelWithDebInfo|Win32.Build.0 = RelWithDebInfo|Win32
		{32232613-DD09-316B-9511-F9F88714B5CF}.Debug|Win32.ActiveCfg = Debug|Win32
		{32232613-DD09-316B-9511-F9F88714B5CF}.Debug|Win32.Build.0 = Debug|Win32
		{32232613-DD09-316B-9511-F9F88714B5CF}.Release|Win32.ActiveCfg = Release|Win32
		{32232613-DD09-316B-9511-F9F88714B5CF}.Release|Win32.Build.0 = Release|Win32
		{32232613-DD09-316B-9511-F9F88714B5CF}.MinSizeRel|Win32.ActiveCfg = MinSizeRel|Win32
		{32232613-DD09-316B-9511-F9F88714B5CF}.MinSizeRel|Win32.Build.0 = MinSizeRel|Win32
		{32232613-DD09-316B-9511-F9F88714B5CF}.RelWithDebInfo|Win32.ActiveCfg = RelWithDebInfo|Win32
		{32232613-DD09-316B-9511-F9F88714B5CF}.RelWithDebInfo|Win32.Build.0 = RelWithDebInfo|Win32
		{DCB26DB2-75D9-3FA2-85AA-347B6F3A5840}.Debug|Win32.ActiveCfg = Debug|Win32
		{DCB26DB2-75D9-3FA2-85AA-347B6F3A5840}.Debug|Win32.Build.0 = Debug|Win32
		{DCB26DB2-75D9-3FA2-85AA-347B6F3A5840}.Release|Win32.ActiveCfg = Release|Win32
		{DCB26DB2-75D9-3FA2-85AA-347B6F3A5840}.Release|Win32.Build.0 = Release|Win32
		{DCB26DB2-75D9-3FA2-85AA-347B6F3A5840}.MinSizeRel|Win32.ActiveCfg = MinSizeRel|Win32
		{DCB26DB2-75D9-3FA2-85AA-347B6F3A5840}.MinSizeRel|Win32.Build.0 = MinSizeRel|Win32
		{DCB26DB2-75D9-3FA2-85AA-347B6F3A5840}.RelWithDebInfo|Win32.ActiveCfg = RelWithDebInfo|Win32
		{DCB26DB2-75D9-3FA2-85AA-347B6F3A5840}.RelWithDebInfo|Win32.Build.0 = RelWithDebInfo|Win32
	EndGlobalSection
	GlobalSection(NestedProjects) = preSolution
		{89F6C087-8A66-38CF-9BA2-6CF86E217C81} = {20D960C6-97E2-3DB8-871F-3D9D25622C7A}
		{03E5B004-BC7E-3200-BBCC-C86A4507A881} = {20D960C6-97E2-3DB8-871F-3D9D25622C7A}
		{451438C8-5947-3B63-A202-049C1E5E882E} = {3C413A5C-7C7A-333D-AD1E-A2B72AB2BA9C}
		{154D7B04-44A9-3065-82D4-5BC0D938A318} = {3C413A5C-7C7A-333D-AD1E-A2B72AB2BA9C}
		{C6DAE755-42E2-387D-8A77-8AC86F0AD737} = {3C413A5C-7C7A-333D-AD1E-A2B72AB2BA9C}
		{933827B5-A8F3-3278-94CF-7E25DC343922} = {3C413A5C-7C7A-333D-AD1E-A2B72AB2BA9C}
		{867ED4E3-2E0E-3A45-8C04-BB299E47010E} = {3C413A5C-7C7A-333D-AD1E-A2B72AB2BA9C}
		{BD51BE90-0C15-33E3-B157-BDEC31AE78BF} = {3C413A5C-7C7A-333D-AD1E-A2B72AB2BA9C}
		{36F679FF-2CC2-3FEC-B525-0A4017FE4AC5} = {3C413A5C-7C7A-333D-AD1E-A2B72AB2BA9C}
		{95123F7B-A1C3-3A9B-B28F-D3E969174CD4} = {3C413A5C-7C7A-333D-AD1E-A2B72AB2BA9C}
		{F1946872-4D7D-3DC3-A43C-77D4DF773988} = {3C413A5C-7C7A-333D-AD1E-A2B72AB2BA9C}
		{32232613-DD09-316B-9511-F9F88714B5CF} = {3C413A5C-7C7A-333D-AD1E-A2B72AB2BA9C}
		{DCB26DB2-75D9-3FA2-85AA-347B6F3A5840} = {3C413A5C-7C7A-333D-AD1E-A2B72AB2BA9C}
		{29AF2C66-0F47-359E-981D-D05522E0D060} = {B9238637-6F77-35AD-99B7-5349A64CD4E6}
		{CA4F75DF-0FB7-39C1-8E8D-88BF6C7719B5} = {B7733A71-DCC1-3BC4-94F4-48BB2EE66472}
	EndGlobalSection
	GlobalSection(ExtensibilityGlobals) = postSolution
		SolutionGuid = {1CEC4DE2-8D8B-3D75-AF44-31AE77444F9B}
	EndGlobalSection
	GlobalSection(ExtensibilityAddIns) = postSolution
	EndGlobalSection
EndGlobal
